// !$*UTF8*$!
{
	archiveVersion = 1;
	classes = {
	};
	objectVersion = 56;
	objects = {

/* Begin PBXBuildFile section */
		C1046E822AC4797F009576EB /* RickModel.swift in Sources */ = {isa = PBXBuildFile; fileRef = C1046E812AC4797F009576EB /* RickModel.swift */; };
		C1046E842AC72C5F009576EB /* DetailViewController.swift in Sources */ = {isa = PBXBuildFile; fileRef = C1046E832AC72C5F009576EB /* DetailViewController.swift */; };
		C166C2AE2AC39E5E009FBCE6 /* AppDelegate.swift in Sources */ = {isa = PBXBuildFile; fileRef = C166C2AD2AC39E5E009FBCE6 /* AppDelegate.swift */; };
		C166C2B22AC39E5E009FBCE6 /* ViewController.swift in Sources */ = {isa = PBXBuildFile; fileRef = C166C2B12AC39E5E009FBCE6 /* ViewController.swift */; };
		C166C2B72AC39E61009FBCE6 /* Assets.xcassets in Resources */ = {isa = PBXBuildFile; fileRef = C166C2B62AC39E61009FBCE6 /* Assets.xcassets */; };
		C166C2BA2AC39E61009FBCE6 /* LaunchScreen.storyboard in Resources */ = {isa = PBXBuildFile; fileRef = C166C2B82AC39E61009FBCE6 /* LaunchScreen.storyboard */; };
		C166C2C62AC3A608009FBCE6 /* HomeView.swift in Sources */ = {isa = PBXBuildFile; fileRef = C166C2C52AC3A608009FBCE6 /* HomeView.swift */; };
		C166C2C92AC3AA81009FBCE6 /* HomeViewCell.swift in Sources */ = {isa = PBXBuildFile; fileRef = C166C2C82AC3AA81009FBCE6 /* HomeViewCell.swift */; };
		C1AC84D52AEAA2F2009F48A9 /* RadioButtonsView.swift in Sources */ = {isa = PBXBuildFile; fileRef = C1AC84D42AEAA2F2009F48A9 /* RadioButtonsView.swift */; };
/* End PBXBuildFile section */

/* Begin PBXFileReference section */
		C1046E812AC4797F009576EB /* RickModel.swift */ = {isa = PBXFileReference; lastKnownFileType = sourcecode.swift; path = RickModel.swift; sourceTree = "<group>"; };
		C1046E832AC72C5F009576EB /* DetailViewController.swift */ = {isa = PBXFileReference; lastKnownFileType = sourcecode.swift; path = DetailViewController.swift; sourceTree = "<group>"; };
		C166C2AA2AC39E5E009FBCE6 /* rickymorty.app */ = {isa = PBXFileReference; explicitFileType = wrapper.application; includeInIndex = 0; path = rickymorty.app; sourceTree = BUILT_PRODUCTS_DIR; };
		C166C2AD2AC39E5E009FBCE6 /* AppDelegate.swift */ = {isa = PBXFileReference; lastKnownFileType = sourcecode.swift; path = AppDelegate.swift; sourceTree = "<group>"; };
		C166C2B12AC39E5E009FBCE6 /* ViewController.swift */ = {isa = PBXFileReference; lastKnownFileType = sourcecode.swift; path = ViewController.swift; sourceTree = "<group>"; };
		C166C2B62AC39E61009FBCE6 /* Assets.xcassets */ = {isa = PBXFileReference; lastKnownFileType = folder.assetcatalog; path = Assets.xcassets; sourceTree = "<group>"; };
		C166C2B92AC39E61009FBCE6 /* Base */ = {isa = PBXFileReference; lastKnownFileType = file.storyboard; name = Base; path = Base.lproj/LaunchScreen.storyboard; sourceTree = "<group>"; };
		C166C2BB2AC39E61009FBCE6 /* Info.plist */ = {isa = PBXFileReference; lastKnownFileType = text.plist.xml; path = Info.plist; sourceTree = "<group>"; };
		C166C2C52AC3A608009FBCE6 /* HomeView.swift */ = {isa = PBXFileReference; lastKnownFileType = sourcecode.swift; path = HomeView.swift; sourceTree = "<group>"; };
		C166C2C82AC3AA81009FBCE6 /* HomeViewCell.swift */ = {isa = PBXFileReference; lastKnownFileType = sourcecode.swift; path = HomeViewCell.swift; sourceTree = "<group>"; };
		C1AC84D42AEAA2F2009F48A9 /* RadioButtonsView.swift */ = {isa = PBXFileReference; lastKnownFileType = sourcecode.swift; path = RadioButtonsView.swift; sourceTree = "<group>"; };
/* End PBXFileReference section */

/* Begin PBXFrameworksBuildPhase section */
		C166C2A72AC39E5E009FBCE6 /* Frameworks */ = {
			isa = PBXFrameworksBuildPhase;
			buildActionMask = 2147483647;
			files = (
			);
			runOnlyForDeploymentPostprocessing = 0;
		};
/* End PBXFrameworksBuildPhase section */

/* Begin PBXGroup section */
		C166C2A12AC39E5E009FBCE6 = {
			isa = PBXGroup;
			children = (
				C166C2AC2AC39E5E009FBCE6 /* rickymorty */,
				C166C2AB2AC39E5E009FBCE6 /* Products */,
			);
			sourceTree = "<group>";
		};
		C166C2AB2AC39E5E009FBCE6 /* Products */ = {
			isa = PBXGroup;
			children = (
				C166C2AA2AC39E5E009FBCE6 /* rickymorty.app */,
			);
			name = Products;
			sourceTree = "<group>";
		};
		C166C2AC2AC39E5E009FBCE6 /* rickymorty */ = {
			isa = PBXGroup;
			children = (
				C166C2C42AC3A375009FBCE6 /* Resources */,
				C166C2C32AC3A2EB009FBCE6 /* Controller */,
				C166C2C22AC3A2D9009FBCE6 /* View */,
				C166C2C12AC3A2CC009FBCE6 /* Model */,
				C166C2AD2AC39E5E009FBCE6 /* AppDelegate.swift */,
				C166C2BB2AC39E61009FBCE6 /* Info.plist */,
			);
			path = rickymorty;
			sourceTree = "<group>";
		};
		C166C2C12AC3A2CC009FBCE6 /* Model */ = {
			isa = PBXGroup;
			children = (
				C1046E812AC4797F009576EB /* RickModel.swift */,
			);
			path = Model;
			sourceTree = "<group>";
		};
		C166C2C22AC3A2D9009FBCE6 /* View */ = {
			isa = PBXGroup;
			children = (
				C166C2C72AC3AA60009FBCE6 /* Cell */,
				C166C2B82AC39E61009FBCE6 /* LaunchScreen.storyboard */,
				C166C2C52AC3A608009FBCE6 /* HomeView.swift */,
				C1AC84D42AEAA2F2009F48A9 /* RadioButtonsView.swift */,
			);
			path = View;
			sourceTree = "<group>";
		};
		C166C2C32AC3A2EB009FBCE6 /* Controller */ = {
			isa = PBXGroup;
			children = (
				C166C2B12AC39E5E009FBCE6 /* ViewController.swift */,
				C1046E832AC72C5F009576EB /* DetailViewController.swift */,
			);
			path = Controller;
			sourceTree = "<group>";
		};
		C166C2C42AC3A375009FBCE6 /* Resources */ = {
			isa = PBXGroup;
			children = (
				C166C2B62AC39E61009FBCE6 /* Assets.xcassets */,
			);
			path = Resources;
			sourceTree = "<group>";
		};
		C166C2C72AC3AA60009FBCE6 /* Cell */ = {
			isa = PBXGroup;
			children = (
				C166C2C82AC3AA81009FBCE6 /* HomeViewCell.swift */,
			);
			path = Cell;
			sourceTree = "<group>";
		};
/* End PBXGroup section */

/* Begin PBXNativeTarget section */
		C166C2A92AC39E5E009FBCE6 /* rickymorty */ = {
			isa = PBXNativeTarget;
			buildConfigurationList = C166C2BE2AC39E61009FBCE6 /* Build configuration list for PBXNativeTarget "rickymorty" */;
			buildPhases = (
				C166C2A62AC39E5E009FBCE6 /* Sources */,
				C166C2A72AC39E5E009FBCE6 /* Frameworks */,
				C166C2A82AC39E5E009FBCE6 /* Resources */,
			);
			buildRules = (
			);
			dependencies = (
			);
			name = rickymorty;
			productName = rickymorty;
			productReference = C166C2AA2AC39E5E009FBCE6 /* rickymorty.app */;
			productType = "com.apple.product-type.application";
		};
/* End PBXNativeTarget section */

/* Begin PBXProject section */
		C166C2A22AC39E5E009FBCE6 /* Project object */ = {
			isa = PBXProject;
			attributes = {
				BuildIndependentTargetsInParallel = 1;
				LastSwiftUpdateCheck = 1500;
				LastUpgradeCheck = 1500;
				TargetAttributes = {
					C166C2A92AC39E5E009FBCE6 = {
						CreatedOnToolsVersion = 15.0;
					};
				};
			};
			buildConfigurationList = C166C2A52AC39E5E009FBCE6 /* Build configuration list for PBXProject "rickymorty" */;
			compatibilityVersion = "Xcode 14.0";
			developmentRegion = en;
			hasScannedForEncodings = 0;
			knownRegions = (
				en,
				Base,
			);
			mainGroup = C166C2A12AC39E5E009FBCE6;
			productRefGroup = C166C2AB2AC39E5E009FBCE6 /* Products */;
			projectDirPath = "";
			projectRoot = "";
			targets = (
				C166C2A92AC39E5E009FBCE6 /* rickymorty */,
			);
		};
/* End PBXProject section */

/* Begin PBXResourcesBuildPhase section */
		C166C2A82AC39E5E009FBCE6 /* Resources */ = {
			isa = PBXResourcesBuildPhase;
			buildActionMask = 2147483647;
			files = (
				C166C2BA2AC39E61009FBCE6 /* LaunchScreen.storyboard in Resources */,
				C166C2B72AC39E61009FBCE6 /* Assets.xcassets in Resources */,
			);
			runOnlyForDeploymentPostprocessing = 0;
		};
/* End PBXResourcesBuildPhase section */

/* Begin PBXSourcesBuildPhase section */
		C166C2A62AC39E5E009FBCE6 /* Sources */ = {
			isa = PBXSourcesBuildPhase;
			buildActionMask = 2147483647;
			files = (
				C166C2C62AC3A608009FBCE6 /* HomeView.swift in Sources */,
				C1046E822AC4797F009576EB /* RickModel.swift in Sources */,
				C166C2C92AC3AA81009FBCE6 /* HomeViewCell.swift in Sources */,
				C1046E842AC72C5F009576EB /* DetailViewController.swift in Sources */,
				C1AC84D52AEAA2F2009F48A9 /* RadioButtonsView.swift in Sources */,
				C166C2B22AC39E5E009FBCE6 /* ViewController.swift in Sources */,
				C166C2AE2AC39E5E009FBCE6 /* AppDelegate.swift in Sources */,
			);
			runOnlyForDeploymentPostprocessing = 0;
		};
/* End PBXSourcesBuildPhase section */

/* Begin PBXVariantGroup section */
		C166C2B82AC39E61009FBCE6 /* LaunchScreen.storyboard */ = {
			isa = PBXVariantGroup;
			children = (
				C166C2B92AC39E61009FBCE6 /* Base */,
			);
			name = LaunchScreen.storyboard;
			sourceTree = "<group>";
		};
/* End PBXVariantGroup section */

/* Begin XCBuildConfiguration section */
		C166C2BC2AC39E61009FBCE6 /* Debug */ = {
			isa = XCBuildConfiguration;
			buildSettings = {
				ALWAYS_SEARCH_USER_PATHS = NO;
				ASSETCATALOG_COMPILER_GENERATE_SWIFT_ASSET_SYMBOL_EXTENSIONS = YES;
				CLANG_ANALYZER_NONNULL = YES;
				CLANG_ANALYZER_NUMBER_OBJECT_CONVERSION = YES_AGGRESSIVE;
				CLANG_CXX_LANGUAGE_STANDARD = "gnu++20";
				CLANG_ENABLE_MODULES = YES;
				CLANG_ENABLE_OBJC_ARC = YES;
				CLANG_ENABLE_OBJC_WEAK = YES;
				CLANG_WARN_BLOCK_CAPTURE_AUTORELEASING = YES;
				CLANG_WARN_BOOL_CONVERSION = YES;
				CLANG_WARN_COMMA = YES;
				CLANG_WARN_CONSTANT_CONVERSION = YES;
				CLANG_WARN_DEPRECATED_OBJC_IMPLEMENTATIONS = YES;
				CLANG_WARN_DIRECT_OBJC_ISA_USAGE = YES_ERROR;
				CLANG_WARN_DOCUMENTATION_COMMENTS = YES;
				CLANG_WARN_EMPTY_BODY = YES;
				CLANG_WARN_ENUM_CONVERSION = YES;
				CLANG_WARN_INFINITE_RECURSION = YES;
				CLANG_WARN_INT_CONVERSION = YES;
				CLANG_WARN_NON_LITERAL_NULL_CONVERSION = YES;
				CLANG_WARN_OBJC_IMPLICIT_RETAIN_SELF = YES;
				CLANG_WARN_OBJC_LITERAL_CONVERSION = YES;
				CLANG_WARN_OBJC_ROOT_CLASS = YES_ERROR;
				CLANG_WARN_QUOTED_INCLUDE_IN_FRAMEWORK_HEADER = YES;
				CLANG_WARN_RANGE_LOOP_ANALYSIS = YES;
				CLANG_WARN_STRICT_PROTOTYPES = YES;
				CLANG_WARN_SUSPICIOUS_MOVE = YES;
				CLANG_WARN_UNGUARDED_AVAILABILITY = YES_AGGRESSIVE;
				CLANG_WARN_UNREACHABLE_CODE = YES;
				CLANG_WARN__DUPLICATE_METHOD_MATCH = YES;
				COPY_PHASE_STRIP = NO;
				DEBUG_INFORMATION_FORMAT = dwarf;
				ENABLE_STRICT_OBJC_MSGSEND = YES;
				ENABLE_TESTABILITY = YES;
				ENABLE_USER_SCRIPT_SANDBOXING = YES;
				GCC_C_LANGUAGE_STANDARD = gnu17;
				GCC_DYNAMIC_NO_PIC = NO;
				GCC_NO_COMMON_BLOCKS = YES;
				GCC_OPTIMIZATION_LEVEL = 0;
				GCC_PREPROCESSOR_DEFINITIONS = (
					"DEBUG=1",
					"$(inherited)",
				);
				GCC_WARN_64_TO_32_BIT_CONVERSION = YES;
				GCC_WARN_ABOUT_RETURN_TYPE = YES_ERROR;
				GCC_WARN_UNDECLARED_SELECTOR = YES;
				GCC_WARN_UNINITIALIZED_AUTOS = YES_AGGRESSIVE;
				GCC_WARN_UNUSED_FUNCTION = YES;
				GCC_WARN_UNUSED_VARIABLE = YES;
				IPHONEOS_DEPLOYMENT_TARGET = 17.0;
				LOCALIZATION_PREFERS_STRING_CATALOGS = YES;
				MTL_ENABLE_DEBUG_INFO = INCLUDE_SOURCE;
				MTL_FAST_MATH = YES;
				ONLY_ACTIVE_ARCH = YES;
				SDKROOT = iphoneos;
				SWIFT_ACTIVE_COMPILATION_CONDITIONS = "DEBUG $(inherited)";
				SWIFT_OPTIMIZATION_LEVEL = "-Onone";
			};
			name = Debug;
		};
		C166C2BD2AC39E61009FBCE6 /* Release */ = {
			isa = XCBuildConfiguration;
			buildSettings = {
				ALWAYS_SEARCH_USER_PATHS = NO;
				ASSETCATALOG_COMPILER_GENERATE_SWIFT_ASSET_SYMBOL_EXTENSIONS = YES;
				CLANG_ANALYZER_NONNULL = YES;
				CLANG_ANALYZER_NUMBER_OBJECT_CONVERSION = YES_AGGRESSIVE;
				CLANG_CXX_LANGUAGE_STANDARD = "gnu++20";
				CLANG_ENABLE_MODULES = YES;
				CLANG_ENABLE_OBJC_ARC = YES;
				CLANG_ENABLE_OBJC_WEAK = YES;
				CLANG_WARN_BLOCK_CAPTURE_AUTORELEASING = YES;
				CLANG_WARN_BOOL_CONVERSION = YES;
				CLANG_WARN_COMMA = YES;
				CLANG_WARN_CONSTANT_CONVERSION = YES;
				CLANG_WARN_DEPRECATED_OBJC_IMPLEMENTATIONS = YES;
				CLANG_WARN_DIRECT_OBJC_ISA_USAGE = YES_ERROR;
				CLANG_WARN_DOCUMENTATION_COMMENTS = YES;
				CLANG_WARN_EMPTY_BODY = YES;
				CLANG_WARN_ENUM_CONVERSION = YES;
				CLANG_WARN_INFINITE_RECURSION = YES;
				CLANG_WARN_INT_CONVERSION = YES;
				CLANG_WARN_NON_LITERAL_NULL_CONVERSION = YES;
				CLANG_WARN_OBJC_IMPLICIT_RETAIN_SELF = YES;
				CLANG_WARN_OBJC_LITERAL_CONVERSION = YES;
				CLANG_WARN_OBJC_ROOT_CLASS = YES_ERROR;
				CLANG_WARN_QUOTED_INCLUDE_IN_FRAMEWORK_HEADER = YES;
				CLANG_WARN_RANGE_LOOP_ANALYSIS = YES;
				CLANG_WARN_STRICT_PROTOTYPES = YES;
				CLANG_WARN_SUSPICIOUS_MOVE = YES;
				CLANG_WARN_UNGUARDED_AVAILABILITY = YES_AGGRESSIVE;
				CLANG_WARN_UNREACHABLE_CODE = YES;
				CLANG_WARN__DUPLICATE_METHOD_MATCH = YES;
				COPY_PHASE_STRIP = NO;
				DEBUG_INFORMATION_FORMAT = "dwarf-with-dsym";
				ENABLE_NS_ASSERTIONS = NO;
				ENABLE_STRICT_OBJC_MSGSEND = YES;
				ENABLE_USER_SCRIPT_SANDBOXING = YES;
				GCC_C_LANGUAGE_STANDARD = gnu17;
				GCC_NO_COMMON_BLOCKS = YES;
				GCC_WARN_64_TO_32_BIT_CONVERSION = YES;
				GCC_WARN_ABOUT_RETURN_TYPE = YES_ERROR;
				GCC_WARN_UNDECLARED_SELECTOR = YES;
				GCC_WARN_UNINITIALIZED_AUTOS = YES_AGGRESSIVE;
				GCC_WARN_UNUSED_FUNCTION = YES;
				GCC_WARN_UNUSED_VARIABLE = YES;
				IPHONEOS_DEPLOYMENT_TARGET = 17.0;
				LOCALIZATION_PREFERS_STRING_CATALOGS = YES;
				MTL_ENABLE_DEBUG_INFO = NO;
				MTL_FAST_MATH = YES;
				SDKROOT = iphoneos;
				SWIFT_COMPILATION_MODE = wholemodule;
				VALIDATE_PRODUCT = YES;
			};
			name = Release;
		};
		C166C2BF2AC39E61009FBCE6 /* Debug */ = {
			isa = XCBuildConfiguration;
			buildSettings = {
				ASSETCATALOG_COMPILER_APPICON_NAME = AppIcon;
				ASSETCATALOG_COMPILER_GLOBAL_ACCENT_COLOR_NAME = AccentColor;
				CODE_SIGN_STYLE = Automatic;
				CURRENT_PROJECT_VERSION = 1;
				GENERATE_INFOPLIST_FILE = YES;
				INFOPLIST_FILE = rickymorty/Info.plist;
				INFOPLIST_KEY_UIApplicationSupportsIndirectInputEvents = YES;
				INFOPLIST_KEY_UILaunchStoryboardName = LaunchScreen;
				INFOPLIST_KEY_UISupportedInterfaceOrientations_iPad = "UIInterfaceOrientationPortrait UIInterfaceOrientationPortraitUpsideDown UIInterfaceOrientationLandscapeLeft UIInterfaceOrientationLandscapeRight";
				INFOPLIST_KEY_UISupportedInterfaceOrientations_iPhone = "UIInterfaceOrientationPortrait UIInterfaceOrientationLandscapeLeft UIInterfaceOrientationLandscapeRight";
				IPHONEOS_DEPLOYMENT_TARGET = 16.0;
				LD_RUNPATH_SEARCH_PATHS = (
					"$(inherited)",
					"@executable_path/Frameworks",
				);
				MARKETING_VERSION = 1.0;
				PRODUCT_BUNDLE_IDENTIFIER = br.com.api.rickymorty;
				PRODUCT_NAME = "$(TARGET_NAME)";
				SWIFT_EMIT_LOC_STRINGS = YES;
				SWIFT_VERSION = 5.0;
				TARGETED_DEVICE_FAMILY = "1,2";
			};
			name = Debug;
		};
		C166C2C02AC39E61009FBCE6 /* Release */ = {
			isa = XCBuildConfiguration;
			buildSettings = {
				ASSETCATALOG_COMPILER_APPICON_NAME = AppIcon;
				ASSETCATALOG_COMPILER_GLOBAL_ACCENT_COLOR_NAME = AccentColor;
				CODE_SIGN_STYLE = Automatic;
				CURRENT_PROJECT_VERSION = 1;
				GENERATE_INFOPLIST_FILE = YES;
				INFOPLIST_FILE = rickymorty/Info.plist;
				INFOPLIST_KEY_UIApplicationSupportsIndirectInputEvents = YES;
				INFOPLIST_KEY_UILaunchStoryboardName = LaunchScreen;
				INFOPLIST_KEY_UISupportedInterfaceOrientations_iPad = "UIInterfaceOrientationPortrait UIInterfaceOrientationPortraitUpsideDown UIInterfaceOrientationLandscapeLeft UIInterfaceOrientationLandscapeRight";
				INFOPLIST_KEY_UISupportedInterfaceOrientations_iPhone = "UIInterfaceOrientationPortrait UIInterfaceOrientationLandscapeLeft UIInterfaceOrientationLandscapeRight";
				IPHONEOS_DEPLOYMENT_TARGET = 16.0;
				LD_RUNPATH_SEARCH_PATHS = (
					"$(inherited)",
					"@executable_path/Frameworks",
				);
				MARKETING_VERSION = 1.0;
				PRODUCT_BUNDLE_IDENTIFIER = br.com.api.rickymorty;
				PRODUCT_NAME = "$(TARGET_NAME)";
				SWIFT_EMIT_LOC_STRINGS = YES;
				SWIFT_VERSION = 5.0;
				TARGETED_DEVICE_FAMILY = "1,2";
			};
			name = Release;
		};
/* End XCBuildConfiguration section */

/* Begin XCConfigurationList section */
		C166C2A52AC39E5E009FBCE6 /* Build configuration list for PBXProject "rickymorty" */ = {
			isa = XCConfigurationList;
			buildConfigurations = (
				C166C2BC2AC39E61009FBCE6 /* Debug */,
				C166C2BD2AC39E61009FBCE6 /* Release */,
			);
			defaultConfigurationIsVisible = 0;
			defaultConfigurationName = Release;
		};
		C166C2BE2AC39E61009FBCE6 /* Build configuration list for PBXNativeTarget "rickymorty" */ = {
			isa = XCConfigurationList;
			buildConfigurations = (
				C166C2BF2AC39E61009FBCE6 /* Debug */,
				C166C2C02AC39E61009FBCE6 /* Release */,
			);
			defaultConfigurationIsVisible = 0;
			defaultConfigurationName = Release;
		};
/* End XCConfigurationList section */
	};
	rootObject = C166C2A22AC39E5E009FBCE6 /* Project object */;
}
